{
  "name": "reparthune",
  "version": "1.0.0",
  "lockfileVersion": 3,
  "requires": true,
  "packages": {
    "": {
      "name": "reparthune",
      "version": "1.0.0",
      "license": "ISC",
      "workspaces": [
        "frontend",
        "backend",
        "shared"
      ]
    },
    "backend": {
      "name": "@reparthune/backend",
      "version": "1.0.0",
      "license": "ISC",
      "dependencies": {
        "@reparthune/shared": "*"
      }
    },
    "frontend": {
      "name": "@reparthune/frontend",
      "version": "1.0.0",
      "license": "ISC",
      "dependencies": {
        "@reparthune/shared": "*"
      }
    },
    "node_modules/@reparthune/backend": {
      "resolved": "backend",
      "link": true
    },
    "node_modules/@reparthune/frontend": {
      "resolved": "frontend",
      "link": true
    },
    "node_modules/@reparthune/shared": {
      "resolved": "shared",
      "link": true
    },
    "shared": {
      "name": "@reparthune/shared",
      "version": "1.0.0",
      "license": "ISC"
    }
  }
}
