{
  "name": "reparthune",
  "version": "1.0.0",
  "lockfileVersion": 3,
  "requires": true,
  "packages": {
    "": {
      "name": "reparthune",
      "version": "1.0.0",
      "license": "ISC",
      "workspaces": [
        "frontend",
        "backend",
        "shared"
      ],
      "devDependencies": {
        "typescript": "^6.0.3"
      }
    },
    "backend": {
      "name": "@reparthune/backend",
      "version": "1.0.0",
      "license": "ISC",
      "dependencies": {
        "@reparthune/shared": "*"
      }
    },
    "frontend": {
      "name": "@reparthune/frontend",
      "version": "1.0.0",
      "license": "ISC",
      "dependencies": {
        "@reparthune/shared": "*"
      }
    },
    "node_modules/@reparthune/backend": {
      "resolved": "backend",
      "link": true
    },
    "node_modules/@reparthune/frontend": {
      "resolved": "frontend",
      "link": true
    },
    "node_modules/@reparthune/shared": {
      "resolved": "shared",
      "link": true
    },
    "node_modules/typescript": {
      "version": "6.0.3",
      "resolved": "https://registry.npmjs.org/typescript/-/typescript-6.0.3.tgz",
      "integrity": "sha512-y2TvuxSZPDyQakkFRPZHKFm+KKVqIisdg9/CZwm9ftvKXLP8NRWj38/ODjNbr43SsoXqNuAisEf1GdCxqWcdBw==",
      "dev": true,
      "license": "Apache-2.0",
      "bin": {
        "tsc": "bin/tsc",
        "tsserver": "bin/tsserver"
      },
      "engines": {
        "node": ">=14.17"
      }
    },
    "shared": {
      "name": "@reparthune/shared",
      "version": "1.0.0",
      "license": "ISC"
    }
  }
}
